github.com/Spankyduck/funtemps v0.0.0-20230220150230-57334d79374a h1:VWr/qRb/WE0T/GBkSm7Ma408C9vFAU+Z8JnEGua4LrY=
github.com/Spankyduck/funtemps v0.0.0-20230220150230-57334d79374a/go.mod h1:GyNso3MdSNnrz97tK0yV3ynDIc3Z9Z7YP/IN3oVPASs=
github.com/Spankyduck/is105sem03 v0.0.0-20230419090342-bbabb2540b34 h1:IcyJtfxflGW7Pz6lbz3TjywMYYo7nwIBR+SLTpQ3mPQ=
github.com/Spankyduck/is105sem03 v0.0.0-20230419090342-bbabb2540b34/go.mod h1:hhGMLvlZhLzejPCY1kztfSiX60m3TFuE+UDpHwbedN0=
